
Microsoft Visual Studio Solution File, Format Version 12.00
# Visual Studio 15
VisualStudioVersion = 15.0.27130.2020
MinimumVisualStudioVersion = 10.0.40219.1
Project("{8BC9CEB8-8B4A-11D0-8D11-00A0C91BC942}") = "core", "core\core.vcxproj", "{B3222543-6C94-4F93-BC2A-7F5284B7D434}"
EndProject
Project("{8BC9CEB8-8B4A-11D0-8D11-00A0C91BC942}") = "App", "app\App.vcxproj", "{0446F183-6C94-4F93-BC2A-7F5284B7D434}"
EndProject
Project("{8BC9CEB8-8B4A-11D0-8D11-00A0C91BC942}") = "graphics", "faze\graphics.vcxproj", "{76533B5A-6C94-4F93-BC2A-7F5284B7D434}"
EndProject
Project("{8BC9CEB8-8B4A-11D0-8D11-00A0C91BC942}") = "fbuild_all", "fbuild_all.vcxproj", "{2A0395B1-6C94-4F93-BC2A-7F5284B7D434}"
EndProject
Project("{2150E333-8FDC-42A3-9474-1A3956D46DE8}") = "gtest", "gtest", "{B0E6E870-C392-43BA-99EE-D93B407710B0}"
EndProject
Project("{2150E333-8FDC-42A3-9474-1A3956D46DE8}") = "apps", "apps", "{5A7769B5-1692-4081-9D44-74EA8C624EDD}"
EndProject
Project("{8BC9CEB8-8B4A-11D0-8D11-00A0C91BC942}") = "graphics_tests", "gtest\graphics\graphics_tests.vcxproj", "{F791C751-6C94-4F93-BC2A-7F5284B7D434}"
EndProject
Project("{8BC9CEB8-8B4A-11D0-8D11-00A0C91BC942}") = "core_tests", "gtest\core\core_tests.vcxproj", "{487F2EB3-6C94-4F93-BC2A-7F5284B7D434}"
EndProject
Global
	GlobalSection(SolutionConfigurationPlatforms) = preSolution
		Debug|x64 = Debug|x64
		Profile|x64 = Profile|x64
		Release|x64 = Release|x64
	EndGlobalSection
	GlobalSection(ProjectConfigurationPlatforms) = postSolution
		{B3222543-6C94-4F93-BC2A-7F5284B7D434}.Debug|x64.ActiveCfg = Debug|x64
		{B3222543-6C94-4F93-BC2A-7F5284B7D434}.Profile|x64.ActiveCfg = Debug|x64
		{B3222543-6C94-4F93-BC2A-7F5284B7D434}.Release|x64.ActiveCfg = Debug|x64
		{0446F183-6C94-4F93-BC2A-7F5284B7D434}.Debug|x64.ActiveCfg = Debug|x64
		{0446F183-6C94-4F93-BC2A-7F5284B7D434}.Debug|x64.Build.0 = Debug|x64
		{0446F183-6C94-4F93-BC2A-7F5284B7D434}.Profile|x64.ActiveCfg = Debug|x64
		{0446F183-6C94-4F93-BC2A-7F5284B7D434}.Profile|x64.Build.0 = Debug|x64
		{0446F183-6C94-4F93-BC2A-7F5284B7D434}.Release|x64.ActiveCfg = Debug|x64
		{0446F183-6C94-4F93-BC2A-7F5284B7D434}.Release|x64.Build.0 = Debug|x64
		{76533B5A-6C94-4F93-BC2A-7F5284B7D434}.Debug|x64.ActiveCfg = Debug|x64
		{76533B5A-6C94-4F93-BC2A-7F5284B7D434}.Profile|x64.ActiveCfg = Debug|x64
		{76533B5A-6C94-4F93-BC2A-7F5284B7D434}.Release|x64.ActiveCfg = Debug|x64
		{2A0395B1-6C94-4F93-BC2A-7F5284B7D434}.Debug|x64.ActiveCfg = Debug|x64
		{2A0395B1-6C94-4F93-BC2A-7F5284B7D434}.Debug|x64.Deploy.0 = Debug|x64
		{2A0395B1-6C94-4F93-BC2A-7F5284B7D434}.Profile|x64.ActiveCfg = Debug|x64
		{2A0395B1-6C94-4F93-BC2A-7F5284B7D434}.Profile|x64.Deploy.0 = Debug|x64
		{2A0395B1-6C94-4F93-BC2A-7F5284B7D434}.Release|x64.ActiveCfg = Debug|x64
		{2A0395B1-6C94-4F93-BC2A-7F5284B7D434}.Release|x64.Deploy.0 = Debug|x64
		{F791C751-6C94-4F93-BC2A-7F5284B7D434}.Debug|x64.ActiveCfg = Debug|x64
		{F791C751-6C94-4F93-BC2A-7F5284B7D434}.Debug|x64.Build.0 = Debug|x64
		{F791C751-6C94-4F93-BC2A-7F5284B7D434}.Profile|x64.ActiveCfg = Profile|x64
		{F791C751-6C94-4F93-BC2A-7F5284B7D434}.Profile|x64.Build.0 = Profile|x64
		{F791C751-6C94-4F93-BC2A-7F5284B7D434}.Release|x64.ActiveCfg = Release|x64
		{F791C751-6C94-4F93-BC2A-7F5284B7D434}.Release|x64.Build.0 = Release|x64
		{487F2EB3-6C94-4F93-BC2A-7F5284B7D434}.Debug|x64.ActiveCfg = Debug|x64
		{487F2EB3-6C94-4F93-BC2A-7F5284B7D434}.Debug|x64.Build.0 = Debug|x64
		{487F2EB3-6C94-4F93-BC2A-7F5284B7D434}.Profile|x64.ActiveCfg = Profile|x64
		{487F2EB3-6C94-4F93-BC2A-7F5284B7D434}.Profile|x64.Build.0 = Profile|x64
		{487F2EB3-6C94-4F93-BC2A-7F5284B7D434}.Release|x64.ActiveCfg = Release|x64
		{487F2EB3-6C94-4F93-BC2A-7F5284B7D434}.Release|x64.Build.0 = Release|x64
	EndGlobalSection
	GlobalSection(SolutionProperties) = preSolution
		HideSolutionNode = FALSE
	EndGlobalSection
	GlobalSection(NestedProjects) = preSolution
		{0446F183-6C94-4F93-BC2A-7F5284B7D434} = {5A7769B5-1692-4081-9D44-74EA8C624EDD}
		{F791C751-6C94-4F93-BC2A-7F5284B7D434} = {B0E6E870-C392-43BA-99EE-D93B407710B0}
		{487F2EB3-6C94-4F93-BC2A-7F5284B7D434} = {B0E6E870-C392-43BA-99EE-D93B407710B0}
	EndGlobalSection
	GlobalSection(ExtensibilityGlobals) = postSolution
		SolutionGuid = {E00080E3-26DC-4963-941B-34E14767514E}
	EndGlobalSection
EndGlobal
